// !$*UTF8*$!
{
	archiveVersion = 1;
	classes = {
	};
	objectVersion = 46;
	objects = {

/* Begin PBXBuildFile section */
		925575AB1E68A5EE00941BE5 /* AppDelegate.swift in Sources */ = {isa = PBXBuildFile; fileRef = 925575AA1E68A5EE00941BE5 /* AppDelegate.swift */; };
		925575B01E68A5EE00941BE5 /* Main.storyboard in Resources */ = {isa = PBXBuildFile; fileRef = 925575AE1E68A5EE00941BE5 /* Main.storyboard */; };
		925575B31E68A5EE00941BE5 /* iOS_notes_answerSheet.xcdatamodeld in Sources */ = {isa = PBXBuildFile; fileRef = 925575B11E68A5EE00941BE5 /* iOS_notes_answerSheet.xcdatamodeld */; };
		925575B51E68A5EE00941BE5 /* Assets.xcassets in Resources */ = {isa = PBXBuildFile; fileRef = 925575B41E68A5EE00941BE5 /* Assets.xcassets */; };
		925575B81E68A5EE00941BE5 /* LaunchScreen.storyboard in Resources */ = {isa = PBXBuildFile; fileRef = 925575B61E68A5EE00941BE5 /* LaunchScreen.storyboard */; };
		925575C31E68A5EE00941BE5 /* iOS_notes_answerSheetTests.swift in Sources */ = {isa = PBXBuildFile; fileRef = 925575C21E68A5EE00941BE5 /* iOS_notes_answerSheetTests.swift */; };
		925575CE1E68A5EE00941BE5 /* iOS_notes_answerSheetUITests.swift in Sources */ = {isa = PBXBuildFile; fileRef = 925575CD1E68A5EE00941BE5 /* iOS_notes_answerSheetUITests.swift */; };
		925575DD1E68A94100941BE5 /* default_notebook.jpg in Resources */ = {isa = PBXBuildFile; fileRef = 925575DC1E68A94100941BE5 /* default_notebook.jpg */; };
		925575DF1E68C0D100941BE5 /* NotebooksCollectionViewController.swift in Sources */ = {isa = PBXBuildFile; fileRef = 925575DE1E68C0D100941BE5 /* NotebooksCollectionViewController.swift */; };
		925575E11E68C0FB00941BE5 /* AddNotebookViewController.swift in Sources */ = {isa = PBXBuildFile; fileRef = 925575E01E68C0FB00941BE5 /* AddNotebookViewController.swift */; };
		925575E31E68C11A00941BE5 /* AddNoteViewController.swift in Sources */ = {isa = PBXBuildFile; fileRef = 925575E21E68C11A00941BE5 /* AddNoteViewController.swift */; };
		925575E51E68C12D00941BE5 /* ShowNoteViewController.swift in Sources */ = {isa = PBXBuildFile; fileRef = 925575E41E68C12D00941BE5 /* ShowNoteViewController.swift */; };
		925575E71E68C3E300941BE5 /* ShowNotebookTableViewController.swift in Sources */ = {isa = PBXBuildFile; fileRef = 925575E61E68C3E300941BE5 /* ShowNotebookTableViewController.swift */; };
		925575E91E68C63300941BE5 /* AddNotebookViewControllerDelegate.swift in Sources */ = {isa = PBXBuildFile; fileRef = 925575E81E68C63300941BE5 /* AddNotebookViewControllerDelegate.swift */; };
		925575EB1E68C84300941BE5 /* CancelButtonDelegate.swift in Sources */ = {isa = PBXBuildFile; fileRef = 925575EA1E68C84300941BE5 /* CancelButtonDelegate.swift */; };
		925575EF1E68CF1A00941BE5 /* AddNoteViewControllerDelegate.swift in Sources */ = {isa = PBXBuildFile; fileRef = 925575EE1E68CF1A00941BE5 /* AddNoteViewControllerDelegate.swift */; };
		925575F11E68D68200941BE5 /* NotebookCollectionViewCell.swift in Sources */ = {isa = PBXBuildFile; fileRef = 925575F01E68D68200941BE5 /* NotebookCollectionViewCell.swift */; };
/* End PBXBuildFile section */

/* Begin PBXContainerItemProxy section */
		925575BF1E68A5EE00941BE5 /* PBXContainerItemProxy */ = {
			isa = PBXContainerItemProxy;
			containerPortal = 9255759F1E68A5EE00941BE5 /* Project object */;
			proxyType = 1;
			remoteGlobalIDString = 925575A61E68A5EE00941BE5;
			remoteInfo = iOS_notes_answerSheet;
		};
		925575CA1E68A5EE00941BE5 /* PBXContainerItemProxy */ = {
			isa = PBXContainerItemProxy;
			containerPortal = 9255759F1E68A5EE00941BE5 /* Project object */;
			proxyType = 1;
			remoteGlobalIDString = 925575A61E68A5EE00941BE5;
			remoteInfo = iOS_notes_answerSheet;
		};
/* End PBXContainerItemProxy section */

/* Begin PBXFileReference section */
		925575A71E68A5EE00941BE5 /* iOS_notes_answerSheet.app */ = {isa = PBXFileReference; explicitFileType = wrapper.application; includeInIndex = 0; path = iOS_notes_answerSheet.app; sourceTree = BUILT_PRODUCTS_DIR; };
		925575AA1E68A5EE00941BE5 /* AppDelegate.swift */ = {isa = PBXFileReference; lastKnownFileType = sourcecode.swift; path = AppDelegate.swift; sourceTree = "<group>"; };
		925575AF1E68A5EE00941BE5 /* Base */ = {isa = PBXFileReference; lastKnownFileType = file.storyboard; name = Base; path = Base.lproj/Main.storyboard; sourceTree = "<group>"; };
		925575B21E68A5EE00941BE5 /* iOS_notes_answerSheet.xcdatamodel */ = {isa = PBXFileReference; lastKnownFileType = wrapper.xcdatamodel; path = iOS_notes_answerSheet.xcdatamodel; sourceTree = "<group>"; };
		925575B41E68A5EE00941BE5 /* Assets.xcassets */ = {isa = PBXFileReference; lastKnownFileType = folder.assetcatalog; path = Assets.xcassets; sourceTree = "<group>"; };
		925575B71E68A5EE00941BE5 /* Base */ = {isa = PBXFileReference; lastKnownFileType = file.storyboard; name = Base; path = Base.lproj/LaunchScreen.storyboard; sourceTree = "<group>"; };
		925575B91E68A5EE00941BE5 /* Info.plist */ = {isa = PBXFileReference; lastKnownFileType = text.plist.xml; path = Info.plist; sourceTree = "<group>"; };
		925575BE1E68A5EE00941BE5 /* iOS_notes_answerSheetTests.xctest */ = {isa = PBXFileReference; explicitFileType = wrapper.cfbundle; includeInIndex = 0; path = iOS_notes_answerSheetTests.xctest; sourceTree = BUILT_PRODUCTS_DIR; };
		925575C21E68A5EE00941BE5 /* iOS_notes_answerSheetTests.swift */ = {isa = PBXFileReference; lastKnownFileType = sourcecode.swift; path = iOS_notes_answerSheetTests.swift; sourceTree = "<group>"; };
		925575C41E68A5EE00941BE5 /* Info.plist */ = {isa = PBXFileReference; lastKnownFileType = text.plist.xml; path = Info.plist; sourceTree = "<group>"; };
		925575C91E68A5EE00941BE5 /* iOS_notes_answerSheetUITests.xctest */ = {isa = PBXFileReference; explicitFileType = wrapper.cfbundle; includeInIndex = 0; path = iOS_notes_answerSheetUITests.xctest; sourceTree = BUILT_PRODUCTS_DIR; };
		925575CD1E68A5EE00941BE5 /* iOS_notes_answerSheetUITests.swift */ = {isa = PBXFileReference; lastKnownFileType = sourcecode.swift; path = iOS_notes_answerSheetUITests.swift; sourceTree = "<group>"; };
		925575CF1E68A5EE00941BE5 /* Info.plist */ = {isa = PBXFileReference; lastKnownFileType = text.plist.xml; path = Info.plist; sourceTree = "<group>"; };
		925575DC1E68A94100941BE5 /* default_notebook.jpg */ = {isa = PBXFileReference; lastKnownFileType = image.jpeg; path = default_notebook.jpg; sourceTree = "<group>"; };
		925575DE1E68C0D100941BE5 /* NotebooksCollectionViewController.swift */ = {isa = PBXFileReference; fileEncoding = 4; lastKnownFileType = sourcecode.swift; name = NotebooksCollectionViewController.swift; path = ../NotebooksCollectionViewController.swift; sourceTree = "<group>"; };
		925575E01E68C0FB00941BE5 /* AddNotebookViewController.swift */ = {isa = PBXFileReference; fileEncoding = 4; lastKnownFileType = sourcecode.swift; path = AddNotebookViewController.swift; sourceTree = "<group>"; };
		925575E21E68C11A00941BE5 /* AddNoteViewController.swift */ = {isa = PBXFileReference; fileEncoding = 4; lastKnownFileType = sourcecode.swift; name = AddNoteViewController.swift; path = ../AddNoteViewController.swift; sourceTree = "<group>"; };
		925575E41E68C12D00941BE5 /* ShowNoteViewController.swift */ = {isa = PBXFileReference; fileEncoding = 4; lastKnownFileType = sourcecode.swift; name = ShowNoteViewController.swift; path = ../ShowNoteViewController.swift; sourceTree = "<group>"; };
		925575E61E68C3E300941BE5 /* ShowNotebookTableViewController.swift */ = {isa = PBXFileReference; fileEncoding = 4; lastKnownFileType = sourcecode.swift; name = ShowNotebookTableViewController.swift; path = ../ShowNotebookTableViewController.swift; sourceTree = "<group>"; };
		925575E81E68C63300941BE5 /* AddNotebookViewControllerDelegate.swift */ = {isa = PBXFileReference; fileEncoding = 4; lastKnownFileType = sourcecode.swift; path = AddNotebookViewControllerDelegate.swift; sourceTree = "<group>"; };
		925575EA1E68C84300941BE5 /* CancelButtonDelegate.swift */ = {isa = PBXFileReference; fileEncoding = 4; lastKnownFileType = sourcecode.swift; path = CancelButtonDelegate.swift; sourceTree = "<group>"; };
		925575EE1E68CF1A00941BE5 /* AddNoteViewControllerDelegate.swift */ = {isa = PBXFileReference; fileEncoding = 4; lastKnownFileType = sourcecode.swift; name = AddNoteViewControllerDelegate.swift; path = ../AddNoteViewControllerDelegate.swift; sourceTree = "<group>"; };
		925575F01E68D68200941BE5 /* NotebookCollectionViewCell.swift */ = {isa = PBXFileReference; fileEncoding = 4; lastKnownFileType = sourcecode.swift; path = NotebookCollectionViewCell.swift; sourceTree = "<group>"; };
/* End PBXFileReference section */

/* Begin PBXFrameworksBuildPhase section */
		925575A41E68A5EE00941BE5 /* Frameworks */ = {
			isa = PBXFrameworksBuildPhase;
			buildActionMask = 2147483647;
			files = (
			);
			runOnlyForDeploymentPostprocessing = 0;
		};
		925575BB1E68A5EE00941BE5 /* Frameworks */ = {
			isa = PBXFrameworksBuildPhase;
			buildActionMask = 2147483647;
			files = (
			);
			runOnlyForDeploymentPostprocessing = 0;
		};
		925575C61E68A5EE00941BE5 /* Frameworks */ = {
			isa = PBXFrameworksBuildPhase;
			buildActionMask = 2147483647;
			files = (
			);
			runOnlyForDeploymentPostprocessing = 0;
		};
/* End PBXFrameworksBuildPhase section */

/* Begin PBXGroup section */
		9255759E1E68A5EE00941BE5 = {
			isa = PBXGroup;
			children = (
				925575A91E68A5EE00941BE5 /* iOS_notes_answerSheet */,
				925575DB1E68A91000941BE5 /* Images */,
				925575CC1E68A5EE00941BE5 /* iOS_notes_answerSheetUITests */,
				925575C11E68A5EE00941BE5 /* iOS_notes_answerSheetTests */,
				925575A81E68A5EE00941BE5 /* Products */,
			);
			sourceTree = "<group>";
		};
		925575A81E68A5EE00941BE5 /* Products */ = {
			isa = PBXGroup;
			children = (
				925575A71E68A5EE00941BE5 /* iOS_notes_answerSheet.app */,
				925575BE1E68A5EE00941BE5 /* iOS_notes_answerSheetTests.xctest */,
				925575C91E68A5EE00941BE5 /* iOS_notes_answerSheetUITests.xctest */,
			);
			name = Products;
			sourceTree = "<group>";
		};
		925575A91E68A5EE00941BE5 /* iOS_notes_answerSheet */ = {
			isa = PBXGroup;
			children = (
				925575EA1E68C84300941BE5 /* CancelButtonDelegate.swift */,
				925575E41E68C12D00941BE5 /* ShowNoteViewController.swift */,
				925575EE1E68CF1A00941BE5 /* AddNoteViewControllerDelegate.swift */,
				925575E21E68C11A00941BE5 /* AddNoteViewController.swift */,
				925575E61E68C3E300941BE5 /* ShowNotebookTableViewController.swift */,
				925575E81E68C63300941BE5 /* AddNotebookViewControllerDelegate.swift */,
				925575E01E68C0FB00941BE5 /* AddNotebookViewController.swift */,
				925575F01E68D68200941BE5 /* NotebookCollectionViewCell.swift */,
				925575DE1E68C0D100941BE5 /* NotebooksCollectionViewController.swift */,
				925575AE1E68A5EE00941BE5 /* Main.storyboard */,
				925575B41E68A5EE00941BE5 /* Assets.xcassets */,
				925575AA1E68A5EE00941BE5 /* AppDelegate.swift */,
				925575B61E68A5EE00941BE5 /* LaunchScreen.storyboard */,
				925575B91E68A5EE00941BE5 /* Info.plist */,
				925575B11E68A5EE00941BE5 /* iOS_notes_answerSheet.xcdatamodeld */,
			);
			path = iOS_notes_answerSheet;
			sourceTree = "<group>";
		};
		925575C11E68A5EE00941BE5 /* iOS_notes_answerSheetTests */ = {
			isa = PBXGroup;
			children = (
				925575C21E68A5EE00941BE5 /* iOS_notes_answerSheetTests.swift */,
				925575C41E68A5EE00941BE5 /* Info.plist */,
			);
			path = iOS_notes_answerSheetTests;
			sourceTree = "<group>";
		};
		925575CC1E68A5EE00941BE5 /* iOS_notes_answerSheetUITests */ = {
			isa = PBXGroup;
			children = (
				925575CD1E68A5EE00941BE5 /* iOS_notes_answerSheetUITests.swift */,
				925575CF1E68A5EE00941BE5 /* Info.plist */,
			);
			path = iOS_notes_answerSheetUITests;
			sourceTree = "<group>";
		};
		925575DB1E68A91000941BE5 /* Images */ = {
			isa = PBXGroup;
			children = (
				925575DC1E68A94100941BE5 /* default_notebook.jpg */,
			);
			name = Images;
			sourceTree = "<group>";
		};
/* End PBXGroup section */

/* Begin PBXNativeTarget section */
		925575A61E68A5EE00941BE5 /* iOS_notes_answerSheet */ = {
			isa = PBXNativeTarget;
			buildConfigurationList = 925575D21E68A5EE00941BE5 /* Build configuration list for PBXNativeTarget "iOS_notes_answerSheet" */;
			buildPhases = (
				925575A31E68A5EE00941BE5 /* Sources */,
				925575A41E68A5EE00941BE5 /* Frameworks */,
				925575A51E68A5EE00941BE5 /* Resources */,
			);
			buildRules = (
			);
			dependencies = (
			);
			name = iOS_notes_answerSheet;
			productName = iOS_notes_answerSheet;
			productReference = 925575A71E68A5EE00941BE5 /* iOS_notes_answerSheet.app */;
			productType = "com.apple.product-type.application";
		};
		925575BD1E68A5EE00941BE5 /* iOS_notes_answerSheetTests */ = {
			isa = PBXNativeTarget;
			buildConfigurationList = 925575D51E68A5EE00941BE5 /* Build configuration list for PBXNativeTarget "iOS_notes_answerSheetTests" */;
			buildPhases = (
				925575BA1E68A5EE00941BE5 /* Sources */,
				925575BB1E68A5EE00941BE5 /* Frameworks */,
				925575BC1E68A5EE00941BE5 /* Resources */,
			);
			buildRules = (
			);
			dependencies = (
				925575C01E68A5EE00941BE5 /* PBXTargetDependency */,
			);
			name = iOS_notes_answerSheetTests;
			productName = iOS_notes_answerSheetTests;
			productReference = 925575BE1E68A5EE00941BE5 /* iOS_notes_answerSheetTests.xctest */;
			productType = "com.apple.product-type.bundle.unit-test";
		};
		925575C81E68A5EE00941BE5 /* iOS_notes_answerSheetUITests */ = {
			isa = PBXNativeTarget;
			buildConfigurationList = 925575D81E68A5EE00941BE5 /* Build configuration list for PBXNativeTarget "iOS_notes_answerSheetUITests" */;
			buildPhases = (
				925575C51E68A5EE00941BE5 /* Sources */,
				925575C61E68A5EE00941BE5 /* Frameworks */,
				925575C71E68A5EE00941BE5 /* Resources */,
			);
			buildRules = (
			);
			dependencies = (
				925575CB1E68A5EE00941BE5 /* PBXTargetDependency */,
			);
			name = iOS_notes_answerSheetUITests;
			productName = iOS_notes_answerSheetUITests;
			productReference = 925575C91E68A5EE00941BE5 /* iOS_notes_answerSheetUITests.xctest */;
			productType = "com.apple.product-type.bundle.ui-testing";
		};
/* End PBXNativeTarget section */

/* Begin PBXProject section */
		9255759F1E68A5EE00941BE5 /* Project object */ = {
			isa = PBXProject;
			attributes = {
				LastSwiftUpdateCheck = 0820;
				LastUpgradeCheck = 0820;
				ORGANIZATIONNAME = "Evan Callia";
				TargetAttributes = {
					925575A61E68A5EE00941BE5 = {
						CreatedOnToolsVersion = 8.2.1;
						ProvisioningStyle = Automatic;
					};
					925575BD1E68A5EE00941BE5 = {
						CreatedOnToolsVersion = 8.2.1;
						ProvisioningStyle = Automatic;
						TestTargetID = 925575A61E68A5EE00941BE5;
					};
					925575C81E68A5EE00941BE5 = {
						CreatedOnToolsVersion = 8.2.1;
						ProvisioningStyle = Automatic;
						TestTargetID = 925575A61E68A5EE00941BE5;
					};
				};
			};
			buildConfigurationList = 925575A21E68A5EE00941BE5 /* Build configuration list for PBXProject "iOS_notes_answerSheet" */;
			compatibilityVersion = "Xcode 3.2";
			developmentRegion = English;
			hasScannedForEncodings = 0;
			knownRegions = (
				en,
				Base,
			);
			mainGroup = 9255759E1E68A5EE00941BE5;
			productRefGroup = 925575A81E68A5EE00941BE5 /* Products */;
			projectDirPath = "";
			projectRoot = "";
			targets = (
				925575A61E68A5EE00941BE5 /* iOS_notes_answerSheet */,
				925575BD1E68A5EE00941BE5 /* iOS_notes_answerSheetTests */,
				925575C81E68A5EE00941BE5 /* iOS_notes_answerSheetUITests */,
			);
		};
/* End PBXProject section */

/* Begin PBXResourcesBuildPhase section */
		925575A51E68A5EE00941BE5 /* Resources */ = {
			isa = PBXResourcesBuildPhase;
			buildActionMask = 2147483647;
			files = (
				925575DD1E68A94100941BE5 /* default_notebook.jpg in Resources */,
				925575B81E68A5EE00941BE5 /* LaunchScreen.storyboard in Resources */,
				925575B51E68A5EE00941BE5 /* Assets.xcassets in Resources */,
				925575B01E68A5EE00941BE5 /* Main.storyboard in Resources */,
			);
			runOnlyForDeploymentPostprocessing = 0;
		};
		925575BC1E68A5EE00941BE5 /* Resources */ = {
			isa = PBXResourcesBuildPhase;
			buildActionMask = 2147483647;
			files = (
			);
			runOnlyForDeploymentPostprocessing = 0;
		};
		925575C71E68A5EE00941BE5 /* Resources */ = {
			isa = PBXResourcesBuildPhase;
			buildActionMask = 2147483647;
			files = (
			);
			runOnlyForDeploymentPostprocessing = 0;
		};
/* End PBXResourcesBuildPhase section */

/* Begin PBXSourcesBuildPhase section */
		925575A31E68A5EE00941BE5 /* Sources */ = {
			isa = PBXSourcesBuildPhase;
			buildActionMask = 2147483647;
			files = (
				925575DF1E68C0D100941BE5 /* NotebooksCollectionViewController.swift in Sources */,
				925575EF1E68CF1A00941BE5 /* AddNoteViewControllerDelegate.swift in Sources */,
				925575B31E68A5EE00941BE5 /* iOS_notes_answerSheet.xcdatamodeld in Sources */,
				925575E71E68C3E300941BE5 /* ShowNotebookTableViewController.swift in Sources */,
				925575AB1E68A5EE00941BE5 /* AppDelegate.swift in Sources */,
				925575E31E68C11A00941BE5 /* AddNoteViewController.swift in Sources */,
				925575E11E68C0FB00941BE5 /* AddNotebookViewController.swift in Sources */,
				925575E91E68C63300941BE5 /* AddNotebookViewControllerDelegate.swift in Sources */,
				925575E51E68C12D00941BE5 /* ShowNoteViewController.swift in Sources */,
				925575EB1E68C84300941BE5 /* CancelButtonDelegate.swift in Sources */,
				925575F11E68D68200941BE5 /* NotebookCollectionViewCell.swift in Sources */,
			);
			runOnlyForDeploymentPostprocessing = 0;
		};
		925575BA1E68A5EE00941BE5 /* Sources */ = {
			isa = PBXSourcesBuildPhase;
			buildActionMask = 2147483647;
			files = (
				925575C31E68A5EE00941BE5 /* iOS_notes_answerSheetTests.swift in Sources */,
			);
			runOnlyForDeploymentPostprocessing = 0;
		};
		925575C51E68A5EE00941BE5 /* Sources */ = {
			isa = PBXSourcesBuildPhase;
			buildActionMask = 2147483647;
			files = (
				925575CE1E68A5EE00941BE5 /* iOS_notes_answerSheetUITests.swift in Sources */,
			);
			runOnlyForDeploymentPostprocessing = 0;
		};
/* End PBXSourcesBuildPhase section */

/* Begin PBXTargetDependency section */
		925575C01E68A5EE00941BE5 /* PBXTargetDependency */ = {
			isa = PBXTargetDependency;
			target = 925575A61E68A5EE00941BE5 /* iOS_notes_answerSheet */;
			targetProxy = 925575BF1E68A5EE00941BE5 /* PBXContainerItemProxy */;
		};
		925575CB1E68A5EE00941BE5 /* PBXTargetDependency */ = {
			isa = PBXTargetDependency;
			target = 925575A61E68A5EE00941BE5 /* iOS_notes_answerSheet */;
			targetProxy = 925575CA1E68A5EE00941BE5 /* PBXContainerItemProxy */;
		};
/* End PBXTargetDependency section */

/* Begin PBXVariantGroup section */
		925575AE1E68A5EE00941BE5 /* Main.storyboard */ = {
			isa = PBXVariantGroup;
			children = (
				925575AF1E68A5EE00941BE5 /* Base */,
			);
			name = Main.storyboard;
			sourceTree = "<group>";
		};
		925575B61E68A5EE00941BE5 /* LaunchScreen.storyboard */ = {
			isa = PBXVariantGroup;
			children = (
				925575B71E68A5EE00941BE5 /* Base */,
			);
			name = LaunchScreen.storyboard;
			sourceTree = "<group>";
		};
/* End PBXVariantGroup section */

/* Begin XCBuildConfiguration section */
		925575D01E68A5EE00941BE5 /* Debug */ = {
			isa = XCBuildConfiguration;
			buildSettings = {
				ALWAYS_SEARCH_USER_PATHS = NO;
				CLANG_ANALYZER_NONNULL = YES;
				CLANG_CXX_LANGUAGE_STANDARD = "gnu++0x";
				CLANG_CXX_LIBRARY = "libc++";
				CLANG_ENABLE_MODULES = YES;
				CLANG_ENABLE_OBJC_ARC = YES;
				CLANG_WARN_BOOL_CONVERSION = YES;
				CLANG_WARN_CONSTANT_CONVERSION = YES;
				CLANG_WARN_DIRECT_OBJC_ISA_USAGE = YES_ERROR;
				CLANG_WARN_DOCUMENTATION_COMMENTS = YES;
				CLANG_WARN_EMPTY_BODY = YES;
				CLANG_WARN_ENUM_CONVERSION = YES;
				CLANG_WARN_INFINITE_RECURSION = YES;
				CLANG_WARN_INT_CONVERSION = YES;
				CLANG_WARN_OBJC_ROOT_CLASS = YES_ERROR;
				CLANG_WARN_SUSPICIOUS_MOVE = YES;
				CLANG_WARN_UNREACHABLE_CODE = YES;
				CLANG_WARN__DUPLICATE_METHOD_MATCH = YES;
				"CODE_SIGN_IDENTITY[sdk=iphoneos*]" = "iPhone Developer";
				COPY_PHASE_STRIP = NO;
				DEBUG_INFORMATION_FORMAT = dwarf;
				ENABLE_STRICT_OBJC_MSGSEND = YES;
				ENABLE_TESTABILITY = YES;
				GCC_C_LANGUAGE_STANDARD = gnu99;
				GCC_DYNAMIC_NO_PIC = NO;
				GCC_NO_COMMON_BLOCKS = YES;
				GCC_OPTIMIZATION_LEVEL = 0;
				GCC_PREPROCESSOR_DEFINITIONS = (
					"DEBUG=1",
					"$(inherited)",
				);
				GCC_WARN_64_TO_32_BIT_CONVERSION = YES;
				GCC_WARN_ABOUT_RETURN_TYPE = YES_ERROR;
				GCC_WARN_UNDECLARED_SELECTOR = YES;
				GCC_WARN_UNINITIALIZED_AUTOS = YES_AGGRESSIVE;
				GCC_WARN_UNUSED_FUNCTION = YES;
				GCC_WARN_UNUSED_VARIABLE = YES;
				IPHONEOS_DEPLOYMENT_TARGET = 10.2;
				MTL_ENABLE_DEBUG_INFO = YES;
				ONLY_ACTIVE_ARCH = YES;
				SDKROOT = iphoneos;
				SWIFT_ACTIVE_COMPILATION_CONDITIONS = DEBUG;
				SWIFT_OPTIMIZATION_LEVEL = "-Onone";
			};
			name = Debug;
		};
		925575D11E68A5EE00941BE5 /* Release */ = {
			isa = XCBuildConfiguration;
			buildSettings = {
				ALWAYS_SEARCH_USER_PATHS = NO;
				CLANG_ANALYZER_NONNULL = YES;
				CLANG_CXX_LANGUAGE_STANDARD = "gnu++0x";
				CLANG_CXX_LIBRARY = "libc++";
				CLANG_ENABLE_MODULES = YES;
				CLANG_ENABLE_OBJC_ARC = YES;
				CLANG_WARN_BOOL_CONVERSION = YES;
				CLANG_WARN_CONSTANT_CONVERSION = YES;
				CLANG_WARN_DIRECT_OBJC_ISA_USAGE = YES_ERROR;
				CLANG_WARN_DOCUMENTATION_COMMENTS = YES;
				CLANG_WARN_EMPTY_BODY = YES;
				CLANG_WARN_ENUM_CONVERSION = YES;
				CLANG_WARN_INFINITE_RECURSION = YES;
				CLANG_WARN_INT_CONVERSION = YES;
				CLANG_WARN_OBJC_ROOT_CLASS = YES_ERROR;
				CLANG_WARN_SUSPICIOUS_MOVE = YES;
				CLANG_WARN_UNREACHABLE_CODE = YES;
				CLANG_WARN__DUPLICATE_METHOD_MATCH = YES;
				"CODE_SIGN_IDENTITY[sdk=iphoneos*]" = "iPhone Developer";
				COPY_PHASE_STRIP = NO;
				DEBUG_INFORMATION_FORMAT = "dwarf-with-dsym";
				ENABLE_NS_ASSERTIONS = NO;
				ENABLE_STRICT_OBJC_MSGSEND = YES;
				GCC_C_LANGUAGE_STANDARD = gnu99;
				GCC_NO_COMMON_BLOCKS = YES;
				GCC_WARN_64_TO_32_BIT_CONVERSION = YES;
				GCC_WARN_ABOUT_RETURN_TYPE = YES_ERROR;
				GCC_WARN_UNDECLARED_SELECTOR = YES;
				GCC_WARN_UNINITIALIZED_AUTOS = YES_AGGRESSIVE;
				GCC_WARN_UNUSED_FUNCTION = YES;
				GCC_WARN_UNUSED_VARIABLE = YES;
				IPHONEOS_DEPLOYMENT_TARGET = 10.2;
				MTL_ENABLE_DEBUG_INFO = NO;
				SDKROOT = iphoneos;
				SWIFT_OPTIMIZATION_LEVEL = "-Owholemodule";
				VALIDATE_PRODUCT = YES;
			};
			name = Release;
		};
		925575D31E68A5EE00941BE5 /* Debug */ = {
			isa = XCBuildConfiguration;
			buildSettings = {
				ASSETCATALOG_COMPILER_APPICON_NAME = AppIcon;
				INFOPLIST_FILE = iOS_notes_answerSheet/Info.plist;
				LD_RUNPATH_SEARCH_PATHS = "$(inherited) @executable_path/Frameworks";
				PRODUCT_BUNDLE_IDENTIFIER = "com.evcallia.iOS-notes-answerSheet";
				PRODUCT_NAME = "$(TARGET_NAME)";
				SWIFT_VERSION = 3.0;
			};
			name = Debug;
		};
		925575D41E68A5EE00941BE5 /* Release */ = {
			isa = XCBuildConfiguration;
			buildSettings = {
				ASSETCATALOG_COMPILER_APPICON_NAME = AppIcon;
				INFOPLIST_FILE = iOS_notes_answerSheet/Info.plist;
				LD_RUNPATH_SEARCH_PATHS = "$(inherited) @executable_path/Frameworks";
				PRODUCT_BUNDLE_IDENTIFIER = "com.evcallia.iOS-notes-answerSheet";
				PRODUCT_NAME = "$(TARGET_NAME)";
				SWIFT_VERSION = 3.0;
			};
			name = Release;
		};
		925575D61E68A5EE00941BE5 /* Debug */ = {
			isa = XCBuildConfiguration;
			buildSettings = {
				ALWAYS_EMBED_SWIFT_STANDARD_LIBRARIES = YES;
				BUNDLE_LOADER = "$(TEST_HOST)";
				INFOPLIST_FILE = iOS_notes_answerSheetTests/Info.plist;
				LD_RUNPATH_SEARCH_PATHS = "$(inherited) @executable_path/Frameworks @loader_path/Frameworks";
				PRODUCT_BUNDLE_IDENTIFIER = "com.evcallia.iOS-notes-answerSheetTests";
				PRODUCT_NAME = "$(TARGET_NAME)";
				SWIFT_VERSION = 3.0;
				TEST_HOST = "$(BUILT_PRODUCTS_DIR)/iOS_notes_answerSheet.app/iOS_notes_answerSheet";
			};
			name = Debug;
		};
		925575D71E68A5EE00941BE5 /* Release */ = {
			isa = XCBuildConfiguration;
			buildSettings = {
				ALWAYS_EMBED_SWIFT_STANDARD_LIBRARIES = YES;
				BUNDLE_LOADER = "$(TEST_HOST)";
				INFOPLIST_FILE = iOS_notes_answerSheetTests/Info.plist;
				LD_RUNPATH_SEARCH_PATHS = "$(inherited) @executable_path/Frameworks @loader_path/Frameworks";
				PRODUCT_BUNDLE_IDENTIFIER = "com.evcallia.iOS-notes-answerSheetTests";
				PRODUCT_NAME = "$(TARGET_NAME)";
				SWIFT_VERSION = 3.0;
				TEST_HOST = "$(BUILT_PRODUCTS_DIR)/iOS_notes_answerSheet.app/iOS_notes_answerSheet";
			};
			name = Release;
		};
		925575D91E68A5EE00941BE5 /* Debug */ = {
			isa = XCBuildConfiguration;
			buildSettings = {
				ALWAYS_EMBED_SWIFT_STANDARD_LIBRARIES = YES;
				INFOPLIST_FILE = iOS_notes_answerSheetUITests/Info.plist;
				LD_RUNPATH_SEARCH_PATHS = "$(inherited) @executable_path/Frameworks @loader_path/Frameworks";
				PRODUCT_BUNDLE_IDENTIFIER = "com.evcallia.iOS-notes-answerSheetUITests";
				PRODUCT_NAME = "$(TARGET_NAME)";
				SWIFT_VERSION = 3.0;
				TEST_TARGET_NAME = iOS_notes_answerSheet;
			};
			name = Debug;
		};
		925575DA1E68A5EE00941BE5 /* Release */ = {
			isa = XCBuildConfiguration;
			buildSettings = {
				ALWAYS_EMBED_SWIFT_STANDARD_LIBRARIES = YES;
				INFOPLIST_FILE = iOS_notes_answerSheetUITests/Info.plist;
				LD_RUNPATH_SEARCH_PATHS = "$(inherited) @executable_path/Frameworks @loader_path/Frameworks";
				PRODUCT_BUNDLE_IDENTIFIER = "com.evcallia.iOS-notes-answerSheetUITests";
				PRODUCT_NAME = "$(TARGET_NAME)";
				SWIFT_VERSION = 3.0;
				TEST_TARGET_NAME = iOS_notes_answerSheet;
			};
			name = Release;
		};
/* End XCBuildConfiguration section */

/* Begin XCConfigurationList section */
		925575A21E68A5EE00941BE5 /* Build configuration list for PBXProject "iOS_notes_answerSheet" */ = {
			isa = XCConfigurationList;
			buildConfigurations = (
				925575D01E68A5EE00941BE5 /* Debug */,
				925575D11E68A5EE00941BE5 /* Release */,
			);
			defaultConfigurationIsVisible = 0;
			defaultConfigurationName = Release;
		};
		925575D21E68A5EE00941BE5 /* Build configuration list for PBXNativeTarget "iOS_notes_answerSheet" */ = {
			isa = XCConfigurationList;
			buildConfigurations = (
				925575D31E68A5EE00941BE5 /* Debug */,
				925575D41E68A5EE00941BE5 /* Release */,
			);
			defaultConfigurationIsVisible = 0;
		};
		925575D51E68A5EE00941BE5 /* Build configuration list for PBXNativeTarget "iOS_notes_answerSheetTests" */ = {
			isa = XCConfigurationList;
			buildConfigurations = (
				925575D61E68A5EE00941BE5 /* Debug */,
				925575D71E68A5EE00941BE5 /* Release */,
			);
			defaultConfigurationIsVisible = 0;
		};
		925575D81E68A5EE00941BE5 /* Build configuration list for PBXNativeTarget "iOS_notes_answerSheetUITests" */ = {
			isa = XCConfigurationList;
			buildConfigurations = (
				925575D91E68A5EE00941BE5 /* Debug */,
				925575DA1E68A5EE00941BE5 /* Release */,
			);
			defaultConfigurationIsVisible = 0;
		};
/* End XCConfigurationList section */

/* Begin XCVersionGroup section */
		925575B11E68A5EE00941BE5 /* iOS_notes_answerSheet.xcdatamodeld */ = {
			isa = XCVersionGroup;
			children = (
				925575B21E68A5EE00941BE5 /* iOS_notes_answerSheet.xcdatamodel */,
			);
			currentVersion = 925575B21E68A5EE00941BE5 /* iOS_notes_answerSheet.xcdatamodel */;
			path = iOS_notes_answerSheet.xcdatamodeld;
			sourceTree = "<group>";
			versionGroupType = wrapper.xcdatamodel;
		};
/* End XCVersionGroup section */
	};
	rootObject = 9255759F1E68A5EE00941BE5 /* Project object */;
}
